github.com/dlclark/regexp2 v1.8.1 h1:6Lcdwya6GjPUNsBct8Lg/yRPwMhABj269AAzdGSiR+0=
github.com/dlclark/regexp2 v1.8.1/go.mod h1:DHkYz0B9wPfa6wondMfaivmHpzrQ3v9q8cnmRbL6yW8=
github.com/pkoukk/tiktoken-go v0.1.1-0.20230418101013-cae809389480 h1:IFhPCcB0/HtnEN+ZoUGDT55YgFCymbFJ15kXqs3nv5w=
github.com/pkoukk/tiktoken-go v0.1.1-0.20230418101013-cae809389480/go.mod h1:BijIqAP84FMYC4XbdJgjyMpiSjusU8x0Y0W9K2t0QtU=
